
Microsoft Visual Studio Solution File, Format Version 12.00
# Visual Studio Version 17
VisualStudioVersion = 17.7.34024.191
MinimumVisualStudioVersion = 10.0.40219.1
Project("{9A19103F-16F7-4668-BE54-9A1E7A4F7556}") = "Free Spotify", "Free Spotify\Free Spotify.csproj", "{B351FA21-B8D4-428B-8C51-7BC80BBBB7AA}"
EndProject
Project("{9A19103F-16F7-4668-BE54-9A1E7A4F7556}") = "SoundScapes", "SoundScapes\SoundScapes.csproj", "{DFEED890-E084-427B-BADD-1FFFB31E9092}"
EndProject
Global
	GlobalSection(SolutionConfigurationPlatforms) = preSolution
		Debug|Any CPU = Debug|Any CPU
		Debug|ARM = Debug|ARM
		Debug|ARM64 = Debug|ARM64
		Debug|x64 = Debug|x64
		Debug|x86 = Debug|x86
		Release|Any CPU = Release|Any CPU
		Release|ARM = Release|ARM
		Release|ARM64 = Release|ARM64
		Release|x64 = Release|x64
		Release|x86 = Release|x86
	EndGlobalSection
	GlobalSection(ProjectConfigurationPlatforms) = postSolution
		{B351FA21-B8D4-428B-8C51-7BC80BBBB7AA}.Debug|Any CPU.ActiveCfg = Debug|Any CPU
		{B351FA21-B8D4-428B-8C51-7BC80BBBB7AA}.Debug|Any CPU.Build.0 = Debug|Any CPU
		{B351FA21-B8D4-428B-8C51-7BC80BBBB7AA}.Debug|ARM.ActiveCfg = Debug|Any CPU
		{B351FA21-B8D4-428B-8C51-7BC80BBBB7AA}.Debug|ARM.Build.0 = Debug|Any CPU
		{B351FA21-B8D4-428B-8C51-7BC80BBBB7AA}.Debug|ARM64.ActiveCfg = Debug|Any CPU
		{B351FA21-B8D4-428B-8C51-7BC80BBBB7AA}.Debug|ARM64.Build.0 = Debug|Any CPU
		{B351FA21-B8D4-428B-8C51-7BC80BBBB7AA}.Debug|x64.ActiveCfg = Debug|Any CPU
		{B351FA21-B8D4-428B-8C51-7BC80BBBB7AA}.Debug|x64.Build.0 = Debug|Any CPU
		{B351FA21-B8D4-428B-8C51-7BC80BBBB7AA}.Debug|x86.ActiveCfg = Debug|Any CPU
		{B351FA21-B8D4-428B-8C51-7BC80BBBB7AA}.Debug|x86.Build.0 = Debug|Any CPU
		{B351FA21-B8D4-428B-8C51-7BC80BBBB7AA}.Release|Any CPU.ActiveCfg = Release|Any CPU
		{B351FA21-B8D4-428B-8C51-7BC80BBBB7AA}.Release|Any CPU.Build.0 = Release|Any CPU
		{B351FA21-B8D4-428B-8C51-7BC80BBBB7AA}.Release|ARM.ActiveCfg = Release|Any CPU
		{B351FA21-B8D4-428B-8C51-7BC80BBBB7AA}.Release|ARM.Build.0 = Release|Any CPU
		{B351FA21-B8D4-428B-8C51-7BC80BBBB7AA}.Release|ARM64.ActiveCfg = Release|Any CPU
		{B351FA21-B8D4-428B-8C51-7BC80BBBB7AA}.Release|ARM64.Build.0 = Release|Any CPU
		{B351FA21-B8D4-428B-8C51-7BC80BBBB7AA}.Release|x64.ActiveCfg = Release|Any CPU
		{B351FA21-B8D4-428B-8C51-7BC80BBBB7AA}.Release|x64.Build.0 = Release|Any CPU
		{B351FA21-B8D4-428B-8C51-7BC80BBBB7AA}.Release|x86.ActiveCfg = Release|Any CPU
		{B351FA21-B8D4-428B-8C51-7BC80BBBB7AA}.Release|x86.Build.0 = Release|Any CPU
		{DFEED890-E084-427B-BADD-1FFFB31E9092}.Debug|Any CPU.ActiveCfg = Debug|Any CPU
		{DFEED890-E084-427B-BADD-1FFFB31E9092}.Debug|Any CPU.Build.0 = Debug|Any CPU
		{DFEED890-E084-427B-BADD-1FFFB31E9092}.Debug|ARM.ActiveCfg = Debug|Any CPU
		{DFEED890-E084-427B-BADD-1FFFB31E9092}.Debug|ARM.Build.0 = Debug|Any CPU
		{DFEED890-E084-427B-BADD-1FFFB31E9092}.Debug|ARM64.ActiveCfg = Debug|Any CPU
		{DFEED890-E084-427B-BADD-1FFFB31E9092}.Debug|ARM64.Build.0 = Debug|Any CPU
		{DFEED890-E084-427B-BADD-1FFFB31E9092}.Debug|x64.ActiveCfg = Debug|Any CPU
		{DFEED890-E084-427B-BADD-1FFFB31E9092}.Debug|x64.Build.0 = Debug|Any CPU
		{DFEED890-E084-427B-BADD-1FFFB31E9092}.Debug|x86.ActiveCfg = Debug|Any CPU
		{DFEED890-E084-427B-BADD-1FFFB31E9092}.Debug|x86.Build.0 = Debug|Any CPU
		{DFEED890-E084-427B-BADD-1FFFB31E9092}.Release|Any CPU.ActiveCfg = Release|Any CPU
		{DFEED890-E084-427B-BADD-1FFFB31E9092}.Release|Any CPU.Build.0 = Release|Any CPU
		{DFEED890-E084-427B-BADD-1FFFB31E9092}.Release|ARM.ActiveCfg = Release|Any CPU
		{DFEED890-E084-427B-BADD-1FFFB31E9092}.Release|ARM.Build.0 = Release|Any CPU
		{DFEED890-E084-427B-BADD-1FFFB31E9092}.Release|ARM64.ActiveCfg = Release|Any CPU
		{DFEED890-E084-427B-BADD-1FFFB31E9092}.Release|ARM64.Build.0 = Release|Any CPU
		{DFEED890-E084-427B-BADD-1FFFB31E9092}.Release|x64.ActiveCfg = Release|Any CPU
		{DFEED890-E084-427B-BADD-1FFFB31E9092}.Release|x64.Build.0 = Release|Any CPU
		{DFEED890-E084-427B-BADD-1FFFB31E9092}.Release|x86.ActiveCfg = Release|Any CPU
		{DFEED890-E084-427B-BADD-1FFFB31E9092}.Release|x86.Build.0 = Release|Any CPU
	EndGlobalSection
	GlobalSection(SolutionProperties) = preSolution
		HideSolutionNode = FALSE
	EndGlobalSection
	GlobalSection(ExtensibilityGlobals) = postSolution
		SolutionGuid = {216159B8-3425-45D2-BFAD-F9EF9434E145}
	EndGlobalSection
EndGlobal
